
Microsoft Visual Studio Solution File, Format Version 12.00
# Visual Studio Version 16
VisualStudioVersion = 16.0.30711.63
MinimumVisualStudioVersion = 10.0.40219.1
Project("{FAE04EC0-301F-11D3-BF4B-00C04F79EFBC}") = "ContentAppendVersionAnotherFolder", "ContentAppendVersionAnotherFolder\ContentAppendVersionAnotherFolder.csproj", "{AD750A6C-D034-4363-9AE1-0A9220D7984C}"
EndProject
Global
	GlobalSection(SolutionConfigurationPlatforms) = preSolution
		Debug|Any CPU = Debug|Any CPU
		Release|Any CPU = Release|Any CPU
	EndGlobalSection
	GlobalSection(ProjectConfigurationPlatforms) = postSolution
		{AD750A6C-D034-4363-9AE1-0A9220D7984C}.Debug|Any CPU.ActiveCfg = Debug|Any CPU
		{AD750A6C-D034-4363-9AE1-0A9220D7984C}.Debug|Any CPU.Build.0 = Debug|Any CPU
		{AD750A6C-D034-4363-9AE1-0A9220D7984C}.Release|Any CPU.ActiveCfg = Release|Any CPU
		{AD750A6C-D034-4363-9AE1-0A9220D7984C}.Release|Any CPU.Build.0 = Release|Any CPU
	EndGlobalSection
	GlobalSection(SolutionProperties) = preSolution
		HideSolutionNode = FALSE
	EndGlobalSection
	GlobalSection(ExtensibilityGlobals) = postSolution
		SolutionGuid = {71E558D9-36A2-4F03-AE33-8C5097F3CDD7}
	EndGlobalSection
EndGlobal
